
Microsoft Visual Studio Solution File, Format Version 12.00
# Visual Studio Version 17
VisualStudioVersion = 17.5.002.0
MinimumVisualStudioVersion = 10.0.40219.1
Project("{9A19103F-16F7-4668-BE54-9A1E7A4F7556}") = "APP_TDD_01-30", "APP_TDD_01-30.csproj", "{C844994C-F8C1-4B62-80F7-BF93752735D8}"
EndProject
Global
	GlobalSection(SolutionConfigurationPlatforms) = preSolution
		Debug|Any CPU = Debug|Any CPU
		Release|Any CPU = Release|Any CPU
	EndGlobalSection
	GlobalSection(ProjectConfigurationPlatforms) = postSolution
		{C844994C-F8C1-4B62-80F7-BF93752735D8}.Debug|Any CPU.ActiveCfg = Debug|Any CPU
		{C844994C-F8C1-4B62-80F7-BF93752735D8}.Debug|Any CPU.Build.0 = Debug|Any CPU
		{C844994C-F8C1-4B62-80F7-BF93752735D8}.Release|Any CPU.ActiveCfg = Release|Any CPU
		{C844994C-F8C1-4B62-80F7-BF93752735D8}.Release|Any CPU.Build.0 = Release|Any CPU
	EndGlobalSection
	GlobalSection(SolutionProperties) = preSolution
		HideSolutionNode = FALSE
	EndGlobalSection
	GlobalSection(ExtensibilityGlobals) = postSolution
		SolutionGuid = {C90CA5E0-42F5-4C6E-81C5-D8458DC8B61D}
	EndGlobalSection
EndGlobal
